{
  "dependencies": {
    "unrtf": {
      "version": "0.2.1",
      "dependencies": {
        "he": {
          "version": "0.4.1"
        },
        "split": {
          "version": "0.3.3",
          "dependencies": {
            "through": {
              "version": "2.3.6"
            }
          }
        }
      }
    }
  }
}
